// !$*UTF8*$!
{
	archiveVersion = 1;
	classes = {
	};
	objectVersion = 56;
	objects = {

/* Begin PBXBuildFile section */
		8B5DED732C0F2F01002F4608 /* Network.swift in Sources */ = {isa = PBXBuildFile; fileRef = 8B5DED722C0F2F01002F4608 /* Network.swift */; };
		8B5DED762C0F3734002F4608 /* NetworkManager.swift in Sources */ = {isa = PBXBuildFile; fileRef = 8B5DED752C0F3734002F4608 /* NetworkManager.swift */; };
		8B5DED782C0F3764002F4608 /* Employee.swift in Sources */ = {isa = PBXBuildFile; fileRef = 8B5DED772C0F3764002F4608 /* Employee.swift */; };
		8B5DED7A2C11A0CF002F4608 /* Helpers.swift in Sources */ = {isa = PBXBuildFile; fileRef = 8B5DED792C11A0CF002F4608 /* Helpers.swift */; };
		8BA05D312C0897B1001355CC /* RoadMapApp.swift in Sources */ = {isa = PBXBuildFile; fileRef = 8BA05D302C0897B1001355CC /* RoadMapApp.swift */; };
		8BA05D332C0897B1001355CC /* ContentView.swift in Sources */ = {isa = PBXBuildFile; fileRef = 8BA05D322C0897B1001355CC /* ContentView.swift */; };
		8BA05D352C0897B3001355CC /* Assets.xcassets in Resources */ = {isa = PBXBuildFile; fileRef = 8BA05D342C0897B3001355CC /* Assets.xcassets */; };
		8BA05D382C0897B3001355CC /* Preview Assets.xcassets in Resources */ = {isa = PBXBuildFile; fileRef = 8BA05D372C0897B3001355CC /* Preview Assets.xcassets */; };
		8BA05D432C08A6EF001355CC /* CoinsViewModel.swift in Sources */ = {isa = PBXBuildFile; fileRef = 8BA05D422C08A6EF001355CC /* CoinsViewModel.swift */; };
/* End PBXBuildFile section */

/* Begin PBXFileReference section */
		8B5DED722C0F2F01002F4608 /* Network.swift */ = {isa = PBXFileReference; lastKnownFileType = sourcecode.swift; path = Network.swift; sourceTree = "<group>"; };
		8B5DED752C0F3734002F4608 /* NetworkManager.swift */ = {isa = PBXFileReference; lastKnownFileType = sourcecode.swift; path = NetworkManager.swift; sourceTree = "<group>"; };
		8B5DED772C0F3764002F4608 /* Employee.swift */ = {isa = PBXFileReference; lastKnownFileType = sourcecode.swift; path = Employee.swift; sourceTree = "<group>"; };
		8B5DED792C11A0CF002F4608 /* Helpers.swift */ = {isa = PBXFileReference; lastKnownFileType = sourcecode.swift; path = Helpers.swift; sourceTree = "<group>"; };
		8BA05D2D2C0897B1001355CC /* RoadMap.app */ = {isa = PBXFileReference; explicitFileType = wrapper.application; includeInIndex = 0; path = RoadMap.app; sourceTree = BUILT_PRODUCTS_DIR; };
		8BA05D302C0897B1001355CC /* RoadMapApp.swift */ = {isa = PBXFileReference; lastKnownFileType = sourcecode.swift; path = RoadMapApp.swift; sourceTree = "<group>"; };
		8BA05D322C0897B1001355CC /* ContentView.swift */ = {isa = PBXFileReference; lastKnownFileType = sourcecode.swift; path = ContentView.swift; sourceTree = "<group>"; };
		8BA05D342C0897B3001355CC /* Assets.xcassets */ = {isa = PBXFileReference; lastKnownFileType = folder.assetcatalog; path = Assets.xcassets; sourceTree = "<group>"; };
		8BA05D372C0897B3001355CC /* Preview Assets.xcassets */ = {isa = PBXFileReference; lastKnownFileType = folder.assetcatalog; path = "Preview Assets.xcassets"; sourceTree = "<group>"; };
		8BA05D422C08A6EF001355CC /* CoinsViewModel.swift */ = {isa = PBXFileReference; lastKnownFileType = sourcecode.swift; path = CoinsViewModel.swift; sourceTree = "<group>"; };
/* End PBXFileReference section */

/* Begin PBXFrameworksBuildPhase section */
		8BA05D2A2C0897B1001355CC /* Frameworks */ = {
			isa = PBXFrameworksBuildPhase;
			buildActionMask = 2147483647;
			files = (
			);
			runOnlyForDeploymentPostprocessing = 0;
		};
/* End PBXFrameworksBuildPhase section */

/* Begin PBXGroup section */
		8B5DED742C0F2FCF002F4608 /* Rest API */ = {
			isa = PBXGroup;
			children = (
				8B5DED722C0F2F01002F4608 /* Network.swift */,
				8B5DED752C0F3734002F4608 /* NetworkManager.swift */,
				8B5DED772C0F3764002F4608 /* Employee.swift */,
				8B5DED792C11A0CF002F4608 /* Helpers.swift */,
			);
			path = "Rest API";
			sourceTree = "<group>";
		};
		8BA05D242C0897B1001355CC = {
			isa = PBXGroup;
			children = (
				8BA05D2F2C0897B1001355CC /* RoadMap */,
				8BA05D2E2C0897B1001355CC /* Products */,
			);
			sourceTree = "<group>";
		};
		8BA05D2E2C0897B1001355CC /* Products */ = {
			isa = PBXGroup;
			children = (
				8BA05D2D2C0897B1001355CC /* RoadMap.app */,
			);
			name = Products;
			sourceTree = "<group>";
		};
		8BA05D2F2C0897B1001355CC /* RoadMap */ = {
			isa = PBXGroup;
			children = (
				8B5DED742C0F2FCF002F4608 /* Rest API */,
				8BA05D302C0897B1001355CC /* RoadMapApp.swift */,
				8BA05D322C0897B1001355CC /* ContentView.swift */,
				8BA05D442C08A72B001355CC /* ViewModel */,
				8BA05D342C0897B3001355CC /* Assets.xcassets */,
				8BA05D362C0897B3001355CC /* Preview Content */,
			);
			path = RoadMap;
			sourceTree = "<group>";
		};
		8BA05D362C0897B3001355CC /* Preview Content */ = {
			isa = PBXGroup;
			children = (
				8BA05D372C0897B3001355CC /* Preview Assets.xcassets */,
			);
			path = "Preview Content";
			sourceTree = "<group>";
		};
		8BA05D442C08A72B001355CC /* ViewModel */ = {
			isa = PBXGroup;
			children = (
				8BA05D422C08A6EF001355CC /* CoinsViewModel.swift */,
			);
			path = ViewModel;
			sourceTree = "<group>";
		};
/* End PBXGroup section */

/* Begin PBXNativeTarget section */
		8BA05D2C2C0897B1001355CC /* RoadMap */ = {
			isa = PBXNativeTarget;
			buildConfigurationList = 8BA05D3B2C0897B3001355CC /* Build configuration list for PBXNativeTarget "RoadMap" */;
			buildPhases = (
				8BA05D292C0897B1001355CC /* Sources */,
				8BA05D2A2C0897B1001355CC /* Frameworks */,
				8BA05D2B2C0897B1001355CC /* Resources */,
			);
			buildRules = (
			);
			dependencies = (
			);
			name = RoadMap;
			productName = RoadMap;
			productReference = 8BA05D2D2C0897B1001355CC /* RoadMap.app */;
			productType = "com.apple.product-type.application";
		};
/* End PBXNativeTarget section */

/* Begin PBXProject section */
		8BA05D252C0897B1001355CC /* Project object */ = {
			isa = PBXProject;
			attributes = {
				BuildIndependentTargetsInParallel = 1;
				LastSwiftUpdateCheck = 1540;
				LastUpgradeCheck = 1540;
				TargetAttributes = {
					8BA05D2C2C0897B1001355CC = {
						CreatedOnToolsVersion = 15.4;
					};
				};
			};
			buildConfigurationList = 8BA05D282C0897B1001355CC /* Build configuration list for PBXProject "RoadMap" */;
			compatibilityVersion = "Xcode 14.0";
			developmentRegion = en;
			hasScannedForEncodings = 0;
			knownRegions = (
				en,
				Base,
			);
			mainGroup = 8BA05D242C0897B1001355CC;
			productRefGroup = 8BA05D2E2C0897B1001355CC /* Products */;
			projectDirPath = "";
			projectRoot = "";
			targets = (
				8BA05D2C2C0897B1001355CC /* RoadMap */,
			);
		};
/* End PBXProject section */

/* Begin PBXResourcesBuildPhase section */
		8BA05D2B2C0897B1001355CC /* Resources */ = {
			isa = PBXResourcesBuildPhase;
			buildActionMask = 2147483647;
			files = (
				8BA05D382C0897B3001355CC /* Preview Assets.xcassets in Resources */,
				8BA05D352C0897B3001355CC /* Assets.xcassets in Resources */,
			);
			runOnlyForDeploymentPostprocessing = 0;
		};
/* End PBXResourcesBuildPhase section */

/* Begin PBXSourcesBuildPhase section */
		8BA05D292C0897B1001355CC /* Sources */ = {
			isa = PBXSourcesBuildPhase;
			buildActionMask = 2147483647;
			files = (
				8B5DED762C0F3734002F4608 /* NetworkManager.swift in Sources */,
				8B5DED7A2C11A0CF002F4608 /* Helpers.swift in Sources */,
				8B5DED732C0F2F01002F4608 /* Network.swift in Sources */,
				8BA05D332C0897B1001355CC /* ContentView.swift in Sources */,
				8B5DED782C0F3764002F4608 /* Employee.swift in Sources */,
				8BA05D312C0897B1001355CC /* RoadMapApp.swift in Sources */,
				8BA05D432C08A6EF001355CC /* CoinsViewModel.swift in Sources */,
			);
			runOnlyForDeploymentPostprocessing = 0;
		};
/* End PBXSourcesBuildPhase section */

/* Begin XCBuildConfiguration section */
		8BA05D392C0897B3001355CC /* Debug */ = {
			isa = XCBuildConfiguration;
			buildSettings = {
				ALWAYS_SEARCH_USER_PATHS = NO;
				ASSETCATALOG_COMPILER_GENERATE_SWIFT_ASSET_SYMBOL_EXTENSIONS = YES;
				CLANG_ANALYZER_NONNULL = YES;
				CLANG_ANALYZER_NUMBER_OBJECT_CONVERSION = YES_AGGRESSIVE;
				CLANG_CXX_LANGUAGE_STANDARD = "gnu++20";
				CLANG_ENABLE_MODULES = YES;
				CLANG_ENABLE_OBJC_ARC = YES;
				CLANG_ENABLE_OBJC_WEAK = YES;
				CLANG_WARN_BLOCK_CAPTURE_AUTORELEASING = YES;
				CLANG_WARN_BOOL_CONVERSION = YES;
				CLANG_WARN_COMMA = YES;
				CLANG_WARN_CONSTANT_CONVERSION = YES;
				CLANG_WARN_DEPRECATED_OBJC_IMPLEMENTATIONS = YES;
				CLANG_WARN_DIRECT_OBJC_ISA_USAGE = YES_ERROR;
				CLANG_WARN_DOCUMENTATION_COMMENTS = YES;
				CLANG_WARN_EMPTY_BODY = YES;
				CLANG_WARN_ENUM_CONVERSION = YES;
				CLANG_WARN_INFINITE_RECURSION = YES;
				CLANG_WARN_INT_CONVERSION = YES;
				CLANG_WARN_NON_LITERAL_NULL_CONVERSION = YES;
				CLANG_WARN_OBJC_IMPLICIT_RETAIN_SELF = YES;
				CLANG_WARN_OBJC_LITERAL_CONVERSION = YES;
				CLANG_WARN_OBJC_ROOT_CLASS = YES_ERROR;
				CLANG_WARN_QUOTED_INCLUDE_IN_FRAMEWORK_HEADER = YES;
				CLANG_WARN_RANGE_LOOP_ANALYSIS = YES;
				CLANG_WARN_STRICT_PROTOTYPES = YES;
				CLANG_WARN_SUSPICIOUS_MOVE = YES;
				CLANG_WARN_UNGUARDED_AVAILABILITY = YES_AGGRESSIVE;
				CLANG_WARN_UNREACHABLE_CODE = YES;
				CLANG_WARN__DUPLICATE_METHOD_MATCH = YES;
				COPY_PHASE_STRIP = NO;
				DEBUG_INFORMATION_FORMAT = dwarf;
				ENABLE_STRICT_OBJC_MSGSEND = YES;
				ENABLE_TESTABILITY = YES;
				ENABLE_USER_SCRIPT_SANDBOXING = YES;
				GCC_C_LANGUAGE_STANDARD = gnu17;
				GCC_DYNAMIC_NO_PIC = NO;
				GCC_NO_COMMON_BLOCKS = YES;
				GCC_OPTIMIZATION_LEVEL = 0;
				GCC_PREPROCESSOR_DEFINITIONS = (
					"DEBUG=1",
					"$(inherited)",
				);
				GCC_WARN_64_TO_32_BIT_CONVERSION = YES;
				GCC_WARN_ABOUT_RETURN_TYPE = YES_ERROR;
				GCC_WARN_UNDECLARED_SELECTOR = YES;
				GCC_WARN_UNINITIALIZED_AUTOS = YES_AGGRESSIVE;
				GCC_WARN_UNUSED_FUNCTION = YES;
				GCC_WARN_UNUSED_VARIABLE = YES;
				IPHONEOS_DEPLOYMENT_TARGET = 17.5;
				LOCALIZATION_PREFERS_STRING_CATALOGS = YES;
				MTL_ENABLE_DEBUG_INFO = INCLUDE_SOURCE;
				MTL_FAST_MATH = YES;
				ONLY_ACTIVE_ARCH = YES;
				SDKROOT = iphoneos;
				SWIFT_ACTIVE_COMPILATION_CONDITIONS = "DEBUG $(inherited)";
				SWIFT_OPTIMIZATION_LEVEL = "-Onone";
			};
			name = Debug;
		};
		8BA05D3A2C0897B3001355CC /* Release */ = {
			isa = XCBuildConfiguration;
			buildSettings = {
				ALWAYS_SEARCH_USER_PATHS = NO;
				ASSETCATALOG_COMPILER_GENERATE_SWIFT_ASSET_SYMBOL_EXTENSIONS = YES;
				CLANG_ANALYZER_NONNULL = YES;
				CLANG_ANALYZER_NUMBER_OBJECT_CONVERSION = YES_AGGRESSIVE;
				CLANG_CXX_LANGUAGE_STANDARD = "gnu++20";
				CLANG_ENABLE_MODULES = YES;
				CLANG_ENABLE_OBJC_ARC = YES;
				CLANG_ENABLE_OBJC_WEAK = YES;
				CLANG_WARN_BLOCK_CAPTURE_AUTORELEASING = YES;
				CLANG_WARN_BOOL_CONVERSION = YES;
				CLANG_WARN_COMMA = YES;
				CLANG_WARN_CONSTANT_CONVERSION = YES;
				CLANG_WARN_DEPRECATED_OBJC_IMPLEMENTATIONS = YES;
				CLANG_WARN_DIRECT_OBJC_ISA_USAGE = YES_ERROR;
				CLANG_WARN_DOCUMENTATION_COMMENTS = YES;
				CLANG_WARN_EMPTY_BODY = YES;
				CLANG_WARN_ENUM_CONVERSION = YES;
				CLANG_WARN_INFINITE_RECURSION = YES;
				CLANG_WARN_INT_CONVERSION = YES;
				CLANG_WARN_NON_LITERAL_NULL_CONVERSION = YES;
				CLANG_WARN_OBJC_IMPLICIT_RETAIN_SELF = YES;
				CLANG_WARN_OBJC_LITERAL_CONVERSION = YES;
				CLANG_WARN_OBJC_ROOT_CLASS = YES_ERROR;
				CLANG_WARN_QUOTED_INCLUDE_IN_FRAMEWORK_HEADER = YES;
				CLANG_WARN_RANGE_LOOP_ANALYSIS = YES;
				CLANG_WARN_STRICT_PROTOTYPES = YES;
				CLANG_WARN_SUSPICIOUS_MOVE = YES;
				CLANG_WARN_UNGUARDED_AVAILABILITY = YES_AGGRESSIVE;
				CLANG_WARN_UNREACHABLE_CODE = YES;
				CLANG_WARN__DUPLICATE_METHOD_MATCH = YES;
				COPY_PHASE_STRIP = NO;
				DEBUG_INFORMATION_FORMAT = "dwarf-with-dsym";
				ENABLE_NS_ASSERTIONS = NO;
				ENABLE_STRICT_OBJC_MSGSEND = YES;
				ENABLE_USER_SCRIPT_SANDBOXING = YES;
				GCC_C_LANGUAGE_STANDARD = gnu17;
				GCC_NO_COMMON_BLOCKS = YES;
				GCC_WARN_64_TO_32_BIT_CONVERSION = YES;
				GCC_WARN_ABOUT_RETURN_TYPE = YES_ERROR;
				GCC_WARN_UNDECLARED_SELECTOR = YES;
				GCC_WARN_UNINITIALIZED_AUTOS = YES_AGGRESSIVE;
				GCC_WARN_UNUSED_FUNCTION = YES;
				GCC_WARN_UNUSED_VARIABLE = YES;
				IPHONEOS_DEPLOYMENT_TARGET = 17.5;
				LOCALIZATION_PREFERS_STRING_CATALOGS = YES;
				MTL_ENABLE_DEBUG_INFO = NO;
				MTL_FAST_MATH = YES;
				SDKROOT = iphoneos;
				SWIFT_COMPILATION_MODE = wholemodule;
				VALIDATE_PRODUCT = YES;
			};
			name = Release;
		};
		8BA05D3C2C0897B3001355CC /* Debug */ = {
			isa = XCBuildConfiguration;
			buildSettings = {
				ASSETCATALOG_COMPILER_APPICON_NAME = AppIcon;
				ASSETCATALOG_COMPILER_GLOBAL_ACCENT_COLOR_NAME = AccentColor;
				CODE_SIGN_STYLE = Automatic;
				CURRENT_PROJECT_VERSION = 1;
				DEVELOPMENT_ASSET_PATHS = "\"RoadMap/Preview Content\"";
				DEVELOPMENT_TEAM = 6FPG7CVJSZ;
				ENABLE_PREVIEWS = YES;
				GENERATE_INFOPLIST_FILE = YES;
				INFOPLIST_KEY_UIApplicationSceneManifest_Generation = YES;
				INFOPLIST_KEY_UIApplicationSupportsIndirectInputEvents = YES;
				INFOPLIST_KEY_UILaunchScreen_Generation = YES;
				INFOPLIST_KEY_UISupportedInterfaceOrientations_iPad = "UIInterfaceOrientationPortrait UIInterfaceOrientationPortraitUpsideDown UIInterfaceOrientationLandscapeLeft UIInterfaceOrientationLandscapeRight";
				INFOPLIST_KEY_UISupportedInterfaceOrientations_iPhone = "UIInterfaceOrientationPortrait UIInterfaceOrientationLandscapeLeft UIInterfaceOrientationLandscapeRight";
				LD_RUNPATH_SEARCH_PATHS = (
					"$(inherited)",
					"@executable_path/Frameworks",
				);
				MARKETING_VERSION = 1.0;
				PRODUCT_BUNDLE_IDENTIFIER = SAIREX.RoadMap;
				PRODUCT_NAME = "$(TARGET_NAME)";
				SWIFT_EMIT_LOC_STRINGS = YES;
				SWIFT_VERSION = 5.0;
				TARGETED_DEVICE_FAMILY = "1,2";
			};
			name = Debug;
		};
		8BA05D3D2C0897B3001355CC /* Release */ = {
			isa = XCBuildConfiguration;
			buildSettings = {
				ASSETCATALOG_COMPILER_APPICON_NAME = AppIcon;
				ASSETCATALOG_COMPILER_GLOBAL_ACCENT_COLOR_NAME = AccentColor;
				CODE_SIGN_STYLE = Automatic;
				CURRENT_PROJECT_VERSION = 1;
				DEVELOPMENT_ASSET_PATHS = "\"RoadMap/Preview Content\"";
				DEVELOPMENT_TEAM = 6FPG7CVJSZ;
				ENABLE_PREVIEWS = YES;
				GENERATE_INFOPLIST_FILE = YES;
				INFOPLIST_KEY_UIApplicationSceneManifest_Generation = YES;
				INFOPLIST_KEY_UIApplicationSupportsIndirectInputEvents = YES;
				INFOPLIST_KEY_UILaunchScreen_Generation = YES;
				INFOPLIST_KEY_UISupportedInterfaceOrientations_iPad = "UIInterfaceOrientationPortrait UIInterfaceOrientationPortraitUpsideDown UIInterfaceOrientationLandscapeLeft UIInterfaceOrientationLandscapeRight";
				INFOPLIST_KEY_UISupportedInterfaceOrientations_iPhone = "UIInterfaceOrientationPortrait UIInterfaceOrientationLandscapeLeft UIInterfaceOrientationLandscapeRight";
				LD_RUNPATH_SEARCH_PATHS = (
					"$(inherited)",
					"@executable_path/Frameworks",
				);
				MARKETING_VERSION = 1.0;
				PRODUCT_BUNDLE_IDENTIFIER = SAIREX.RoadMap;
				PRODUCT_NAME = "$(TARGET_NAME)";
				SWIFT_EMIT_LOC_STRINGS = YES;
				SWIFT_VERSION = 5.0;
				TARGETED_DEVICE_FAMILY = "1,2";
			};
			name = Release;
		};
/* End XCBuildConfiguration section */

/* Begin XCConfigurationList section */
		8BA05D282C0897B1001355CC /* Build configuration list for PBXProject "RoadMap" */ = {
			isa = XCConfigurationList;
			buildConfigurations = (
				8BA05D392C0897B3001355CC /* Debug */,
				8BA05D3A2C0897B3001355CC /* Release */,
			);
			defaultConfigurationIsVisible = 0;
			defaultConfigurationName = Release;
		};
		8BA05D3B2C0897B3001355CC /* Build configuration list for PBXNativeTarget "RoadMap" */ = {
			isa = XCConfigurationList;
			buildConfigurations = (
				8BA05D3C2C0897B3001355CC /* Debug */,
				8BA05D3D2C0897B3001355CC /* Release */,
			);
			defaultConfigurationIsVisible = 0;
			defaultConfigurationName = Release;
		};
/* End XCConfigurationList section */
	};
	rootObject = 8BA05D252C0897B1001355CC /* Project object */;
}
